
Microsoft Visual Studio Solution File, Format Version 12.00
# Visual Studio 15
VisualStudioVersion = 15.0.28307.421
MinimumVisualStudioVersion = 10.0.40219.1
Project("{FAE04EC0-301F-11D3-BF4B-00C04F79EFBC}") = "PrismXFTemplate", "PrismXFTemplate\PrismXFTemplate\PrismXFTemplate.csproj", "{B0CBC9DD-99BC-40BB-BD79-198E86AC131F}"
EndProject
Project("{FAE04EC0-301F-11D3-BF4B-00C04F79EFBC}") = "PrismXFTemplate.Android", "PrismXFTemplate\PrismXFTemplate.Android\PrismXFTemplate.Android.csproj", "{10966B45-3751-4704-9BDF-4C910625A973}"
EndProject
Project("{FAE04EC0-301F-11D3-BF4B-00C04F79EFBC}") = "PrismXFTemplate.iOS", "PrismXFTemplate\PrismXFTemplate.iOS\PrismXFTemplate.iOS.csproj", "{2383F33E-E077-4274-B586-774983DE747B}"
EndProject
Global
	GlobalSection(SolutionConfigurationPlatforms) = preSolution
		Ad-Hoc|Any CPU = Ad-Hoc|Any CPU
		Ad-Hoc|iPhone = Ad-Hoc|iPhone
		Ad-Hoc|iPhoneSimulator = Ad-Hoc|iPhoneSimulator
		AppStore|Any CPU = AppStore|Any CPU
		AppStore|iPhone = AppStore|iPhone
		AppStore|iPhoneSimulator = AppStore|iPhoneSimulator
		Debug|Any CPU = Debug|Any CPU
		Debug|iPhone = Debug|iPhone
		Debug|iPhoneSimulator = Debug|iPhoneSimulator
		Release|Any CPU = Release|Any CPU
		Release|iPhone = Release|iPhone
		Release|iPhoneSimulator = Release|iPhoneSimulator
	EndGlobalSection
	GlobalSection(ProjectConfigurationPlatforms) = postSolution
		{B0CBC9DD-99BC-40BB-BD79-198E86AC131F}.Ad-Hoc|Any CPU.ActiveCfg = Debug|Any CPU
		{B0CBC9DD-99BC-40BB-BD79-198E86AC131F}.Ad-Hoc|Any CPU.Build.0 = Debug|Any CPU
		{B0CBC9DD-99BC-40BB-BD79-198E86AC131F}.Ad-Hoc|iPhone.ActiveCfg = Debug|Any CPU
		{B0CBC9DD-99BC-40BB-BD79-198E86AC131F}.Ad-Hoc|iPhone.Build.0 = Debug|Any CPU
		{B0CBC9DD-99BC-40BB-BD79-198E86AC131F}.Ad-Hoc|iPhoneSimulator.ActiveCfg = Debug|Any CPU
		{B0CBC9DD-99BC-40BB-BD79-198E86AC131F}.Ad-Hoc|iPhoneSimulator.Build.0 = Debug|Any CPU
		{B0CBC9DD-99BC-40BB-BD79-198E86AC131F}.AppStore|Any CPU.ActiveCfg = Debug|Any CPU
		{B0CBC9DD-99BC-40BB-BD79-198E86AC131F}.AppStore|Any CPU.Build.0 = Debug|Any CPU
		{B0CBC9DD-99BC-40BB-BD79-198E86AC131F}.AppStore|iPhone.ActiveCfg = Debug|Any CPU
		{B0CBC9DD-99BC-40BB-BD79-198E86AC131F}.AppStore|iPhone.Build.0 = Debug|Any CPU
		{B0CBC9DD-99BC-40BB-BD79-198E86AC131F}.AppStore|iPhoneSimulator.ActiveCfg = Debug|Any CPU
		{B0CBC9DD-99BC-40BB-BD79-198E86AC131F}.AppStore|iPhoneSimulator.Build.0 = Debug|Any CPU
		{B0CBC9DD-99BC-40BB-BD79-198E86AC131F}.Debug|Any CPU.ActiveCfg = Debug|Any CPU
		{B0CBC9DD-99BC-40BB-BD79-198E86AC131F}.Debug|Any CPU.Build.0 = Debug|Any CPU
		{B0CBC9DD-99BC-40BB-BD79-198E86AC131F}.Debug|iPhone.ActiveCfg = Debug|Any CPU
		{B0CBC9DD-99BC-40BB-BD79-198E86AC131F}.Debug|iPhone.Build.0 = Debug|Any CPU
		{B0CBC9DD-99BC-40BB-BD79-198E86AC131F}.Debug|iPhoneSimulator.ActiveCfg = Debug|Any CPU
		{B0CBC9DD-99BC-40BB-BD79-198E86AC131F}.Debug|iPhoneSimulator.Build.0 = Debug|Any CPU
		{B0CBC9DD-99BC-40BB-BD79-198E86AC131F}.Release|Any CPU.ActiveCfg = Release|Any CPU
		{B0CBC9DD-99BC-40BB-BD79-198E86AC131F}.Release|Any CPU.Build.0 = Release|Any CPU
		{B0CBC9DD-99BC-40BB-BD79-198E86AC131F}.Release|iPhone.ActiveCfg = Release|Any CPU
		{B0CBC9DD-99BC-40BB-BD79-198E86AC131F}.Release|iPhone.Build.0 = Release|Any CPU
		{B0CBC9DD-99BC-40BB-BD79-198E86AC131F}.Release|iPhoneSimulator.ActiveCfg = Release|Any CPU
		{B0CBC9DD-99BC-40BB-BD79-198E86AC131F}.Release|iPhoneSimulator.Build.0 = Release|Any CPU
		{10966B45-3751-4704-9BDF-4C910625A973}.Ad-Hoc|Any CPU.ActiveCfg = Release|Any CPU
		{10966B45-3751-4704-9BDF-4C910625A973}.Ad-Hoc|Any CPU.Build.0 = Release|Any CPU
		{10966B45-3751-4704-9BDF-4C910625A973}.Ad-Hoc|Any CPU.Deploy.0 = Release|Any CPU
		{10966B45-3751-4704-9BDF-4C910625A973}.Ad-Hoc|iPhone.ActiveCfg = Release|Any CPU
		{10966B45-3751-4704-9BDF-4C910625A973}.Ad-Hoc|iPhone.Build.0 = Release|Any CPU
		{10966B45-3751-4704-9BDF-4C910625A973}.Ad-Hoc|iPhone.Deploy.0 = Release|Any CPU
		{10966B45-3751-4704-9BDF-4C910625A973}.Ad-Hoc|iPhoneSimulator.ActiveCfg = Release|Any CPU
		{10966B45-3751-4704-9BDF-4C910625A973}.Ad-Hoc|iPhoneSimulator.Build.0 = Release|Any CPU
		{10966B45-3751-4704-9BDF-4C910625A973}.Ad-Hoc|iPhoneSimulator.Deploy.0 = Release|Any CPU
		{10966B45-3751-4704-9BDF-4C910625A973}.AppStore|Any CPU.ActiveCfg = Release|Any CPU
		{10966B45-3751-4704-9BDF-4C910625A973}.AppStore|Any CPU.Build.0 = Release|Any CPU
		{10966B45-3751-4704-9BDF-4C910625A973}.AppStore|Any CPU.Deploy.0 = Release|Any CPU
		{10966B45-3751-4704-9BDF-4C910625A973}.AppStore|iPhone.ActiveCfg = Release|Any CPU
		{10966B45-3751-4704-9BDF-4C910625A973}.AppStore|iPhone.Build.0 = Release|Any CPU
		{10966B45-3751-4704-9BDF-4C910625A973}.AppStore|iPhone.Deploy.0 = Release|Any CPU
		{10966B45-3751-4704-9BDF-4C910625A973}.AppStore|iPhoneSimulator.ActiveCfg = Release|Any CPU
		{10966B45-3751-4704-9BDF-4C910625A973}.AppStore|iPhoneSimulator.Build.0 = Release|Any CPU
		{10966B45-3751-4704-9BDF-4C910625A973}.AppStore|iPhoneSimulator.Deploy.0 = Release|Any CPU
		{10966B45-3751-4704-9BDF-4C910625A973}.Debug|Any CPU.ActiveCfg = Debug|Any CPU
		{10966B45-3751-4704-9BDF-4C910625A973}.Debug|Any CPU.Build.0 = Debug|Any CPU
		{10966B45-3751-4704-9BDF-4C910625A973}.Debug|Any CPU.Deploy.0 = Debug|Any CPU
		{10966B45-3751-4704-9BDF-4C910625A973}.Debug|iPhone.ActiveCfg = Debug|Any CPU
		{10966B45-3751-4704-9BDF-4C910625A973}.Debug|iPhone.Build.0 = Debug|Any CPU
		{10966B45-3751-4704-9BDF-4C910625A973}.Debug|iPhone.Deploy.0 = Debug|Any CPU
		{10966B45-3751-4704-9BDF-4C910625A973}.Debug|iPhoneSimulator.ActiveCfg = Debug|Any CPU
		{10966B45-3751-4704-9BDF-4C910625A973}.Debug|iPhoneSimulator.Build.0 = Debug|Any CPU
		{10966B45-3751-4704-9BDF-4C910625A973}.Debug|iPhoneSimulator.Deploy.0 = Debug|Any CPU
		{10966B45-3751-4704-9BDF-4C910625A973}.Release|Any CPU.ActiveCfg = Release|Any CPU
		{10966B45-3751-4704-9BDF-4C910625A973}.Release|Any CPU.Build.0 = Release|Any CPU
		{10966B45-3751-4704-9BDF-4C910625A973}.Release|Any CPU.Deploy.0 = Release|Any CPU
		{10966B45-3751-4704-9BDF-4C910625A973}.Release|iPhone.ActiveCfg = Release|Any CPU
		{10966B45-3751-4704-9BDF-4C910625A973}.Release|iPhone.Build.0 = Release|Any CPU
		{10966B45-3751-4704-9BDF-4C910625A973}.Release|iPhone.Deploy.0 = Release|Any CPU
		{10966B45-3751-4704-9BDF-4C910625A973}.Release|iPhoneSimulator.ActiveCfg = Release|Any CPU
		{10966B45-3751-4704-9BDF-4C910625A973}.Release|iPhoneSimulator.Build.0 = Release|Any CPU
		{10966B45-3751-4704-9BDF-4C910625A973}.Release|iPhoneSimulator.Deploy.0 = Release|Any CPU
		{2383F33E-E077-4274-B586-774983DE747B}.Ad-Hoc|Any CPU.ActiveCfg = Ad-Hoc|iPhone
		{2383F33E-E077-4274-B586-774983DE747B}.Ad-Hoc|iPhone.ActiveCfg = Ad-Hoc|iPhone
		{2383F33E-E077-4274-B586-774983DE747B}.Ad-Hoc|iPhone.Build.0 = Ad-Hoc|iPhone
		{2383F33E-E077-4274-B586-774983DE747B}.Ad-Hoc|iPhoneSimulator.ActiveCfg = Ad-Hoc|iPhoneSimulator
		{2383F33E-E077-4274-B586-774983DE747B}.Ad-Hoc|iPhoneSimulator.Build.0 = Ad-Hoc|iPhoneSimulator
		{2383F33E-E077-4274-B586-774983DE747B}.AppStore|Any CPU.ActiveCfg = AppStore|iPhone
		{2383F33E-E077-4274-B586-774983DE747B}.AppStore|iPhone.ActiveCfg = AppStore|iPhone
		{2383F33E-E077-4274-B586-774983DE747B}.AppStore|iPhone.Build.0 = AppStore|iPhone
		{2383F33E-E077-4274-B586-774983DE747B}.AppStore|iPhoneSimulator.ActiveCfg = AppStore|iPhoneSimulator
		{2383F33E-E077-4274-B586-774983DE747B}.AppStore|iPhoneSimulator.Build.0 = AppStore|iPhoneSimulator
		{2383F33E-E077-4274-B586-774983DE747B}.Debug|Any CPU.ActiveCfg = Debug|iPhone
		{2383F33E-E077-4274-B586-774983DE747B}.Debug|iPhone.ActiveCfg = Debug|iPhone
		{2383F33E-E077-4274-B586-774983DE747B}.Debug|iPhone.Build.0 = Debug|iPhone
		{2383F33E-E077-4274-B586-774983DE747B}.Debug|iPhoneSimulator.ActiveCfg = Debug|iPhoneSimulator
		{2383F33E-E077-4274-B586-774983DE747B}.Debug|iPhoneSimulator.Build.0 = Debug|iPhoneSimulator
		{2383F33E-E077-4274-B586-774983DE747B}.Release|Any CPU.ActiveCfg = Release|iPhone
		{2383F33E-E077-4274-B586-774983DE747B}.Release|iPhone.ActiveCfg = Release|iPhone
		{2383F33E-E077-4274-B586-774983DE747B}.Release|iPhone.Build.0 = Release|iPhone
		{2383F33E-E077-4274-B586-774983DE747B}.Release|iPhoneSimulator.ActiveCfg = Release|iPhoneSimulator
		{2383F33E-E077-4274-B586-774983DE747B}.Release|iPhoneSimulator.Build.0 = Release|iPhoneSimulator
	EndGlobalSection
	GlobalSection(SolutionProperties) = preSolution
		HideSolutionNode = FALSE
	EndGlobalSection
	GlobalSection(ExtensibilityGlobals) = postSolution
		SolutionGuid = {3445FF1C-F510-4167-B73A-15B20BEF9975}
	EndGlobalSection
EndGlobal
